// !$*UTF8*$!
{
	archiveVersion = 1;
	classes = {
	};
	objectVersion = 55;
	objects = {

/* Begin PBXBuildFile section */
		281077C427BBBED50038DABE /* UserDefaultsWorker.swift in Sources */ = {isa = PBXBuildFile; fileRef = 281077C327BBBED50038DABE /* UserDefaultsWorker.swift */; };
		281077C627BBBF220038DABE /* APIService.swift in Sources */ = {isa = PBXBuildFile; fileRef = 281077C527BBBF220038DABE /* APIService.swift */; };
		281077C827BBD6C30038DABE /* FavButton.swift in Sources */ = {isa = PBXBuildFile; fileRef = 281077C727BBD6C30038DABE /* FavButton.swift */; };
		28D743D627BE6BB100E8D6BB /* MovieSearchBar.swift in Sources */ = {isa = PBXBuildFile; fileRef = 28D743D527BE6BB100E8D6BB /* MovieSearchBar.swift */; };
		28DE54D027B3C51B0093095D /* AppDelegate.swift in Sources */ = {isa = PBXBuildFile; fileRef = 28DE54CF27B3C51B0093095D /* AppDelegate.swift */; };
		28DE54D227B3C51B0093095D /* SceneDelegate.swift in Sources */ = {isa = PBXBuildFile; fileRef = 28DE54D127B3C51B0093095D /* SceneDelegate.swift */; };
		28DE54D427B3C51B0093095D /* HomeViewController.swift in Sources */ = {isa = PBXBuildFile; fileRef = 28DE54D327B3C51B0093095D /* HomeViewController.swift */; };
		28DE54D727B3C51B0093095D /* HomeView.storyboard in Resources */ = {isa = PBXBuildFile; fileRef = 28DE54D527B3C51B0093095D /* HomeView.storyboard */; };
		28DE54D927B3C51D0093095D /* Assets.xcassets in Resources */ = {isa = PBXBuildFile; fileRef = 28DE54D827B3C51D0093095D /* Assets.xcassets */; };
		28DE54DC27B3C51D0093095D /* LaunchScreen.storyboard in Resources */ = {isa = PBXBuildFile; fileRef = 28DE54DA27B3C51D0093095D /* LaunchScreen.storyboard */; };
		28DE54E727B3C51D0093095D /* MovieAcademyProjectTests.swift in Sources */ = {isa = PBXBuildFile; fileRef = 28DE54E627B3C51D0093095D /* MovieAcademyProjectTests.swift */; };
		28DE54F127B3C51D0093095D /* MovieAcademyProjectUITests.swift in Sources */ = {isa = PBXBuildFile; fileRef = 28DE54F027B3C51D0093095D /* MovieAcademyProjectUITests.swift */; };
		28DE54F327B3C51D0093095D /* MovieAcademyProjectUITestsLaunchTests.swift in Sources */ = {isa = PBXBuildFile; fileRef = 28DE54F227B3C51D0093095D /* MovieAcademyProjectUITestsLaunchTests.swift */; };
		28F67DB627B519A40068F687 /* MovieCollectionViewCell.xib in Resources */ = {isa = PBXBuildFile; fileRef = 28F67DB527B519A40068F687 /* MovieCollectionViewCell.xib */; };
		28F67DB927B519F70068F687 /* MovieModel.swift in Sources */ = {isa = PBXBuildFile; fileRef = 28F67DB827B519F70068F687 /* MovieModel.swift */; };
		28F67DBB27B51A150068F687 /* MovieCollectionCell.swift in Sources */ = {isa = PBXBuildFile; fileRef = 28F67DBA27B51A150068F687 /* MovieCollectionCell.swift */; };
		28F67DBE27B51A410068F687 /* MovieDetailViewController.swift in Sources */ = {isa = PBXBuildFile; fileRef = 28F67DBD27B51A410068F687 /* MovieDetailViewController.swift */; };
		28F67DC027B51A520068F687 /* FavMoviesViewController.swift in Sources */ = {isa = PBXBuildFile; fileRef = 28F67DBF27B51A520068F687 /* FavMoviesViewController.swift */; };
		28F67DC227B51B660068F687 /* MovieCollectionView.swift in Sources */ = {isa = PBXBuildFile; fileRef = 28F67DC127B51B660068F687 /* MovieCollectionView.swift */; };
		28F67DC727B51E4F0068F687 /* HomeViewModel.swift in Sources */ = {isa = PBXBuildFile; fileRef = 28F67DC627B51E4F0068F687 /* HomeViewModel.swift */; };
		28F67DC927B51E6E0068F687 /* MovieDetailViewModel.swift in Sources */ = {isa = PBXBuildFile; fileRef = 28F67DC827B51E6E0068F687 /* MovieDetailViewModel.swift */; };
		28F67DCB27B51E840068F687 /* FavMoviesViewModel.swift in Sources */ = {isa = PBXBuildFile; fileRef = 28F67DCA27B51E840068F687 /* FavMoviesViewModel.swift */; };
/* End PBXBuildFile section */

/* Begin PBXContainerItemProxy section */
		28DE54E327B3C51D0093095D /* PBXContainerItemProxy */ = {
			isa = PBXContainerItemProxy;
			containerPortal = 28DE54C427B3C51B0093095D /* Project object */;
			proxyType = 1;
			remoteGlobalIDString = 28DE54CB27B3C51B0093095D;
			remoteInfo = MovieAcademyProject;
		};
		28DE54ED27B3C51D0093095D /* PBXContainerItemProxy */ = {
			isa = PBXContainerItemProxy;
			containerPortal = 28DE54C427B3C51B0093095D /* Project object */;
			proxyType = 1;
			remoteGlobalIDString = 28DE54CB27B3C51B0093095D;
			remoteInfo = MovieAcademyProject;
		};
/* End PBXContainerItemProxy section */

/* Begin PBXFileReference section */
		281077C327BBBED50038DABE /* UserDefaultsWorker.swift */ = {isa = PBXFileReference; lastKnownFileType = sourcecode.swift; path = UserDefaultsWorker.swift; sourceTree = "<group>"; };
		281077C527BBBF220038DABE /* APIService.swift */ = {isa = PBXFileReference; lastKnownFileType = sourcecode.swift; path = APIService.swift; sourceTree = "<group>"; };
		281077C727BBD6C30038DABE /* FavButton.swift */ = {isa = PBXFileReference; lastKnownFileType = sourcecode.swift; path = FavButton.swift; sourceTree = "<group>"; };
		28D743D527BE6BB100E8D6BB /* MovieSearchBar.swift */ = {isa = PBXFileReference; lastKnownFileType = sourcecode.swift; path = MovieSearchBar.swift; sourceTree = "<group>"; };
		28DE54CC27B3C51B0093095D /* MovieAcademyProject.app */ = {isa = PBXFileReference; explicitFileType = wrapper.application; includeInIndex = 0; path = MovieAcademyProject.app; sourceTree = BUILT_PRODUCTS_DIR; };
		28DE54CF27B3C51B0093095D /* AppDelegate.swift */ = {isa = PBXFileReference; lastKnownFileType = sourcecode.swift; path = AppDelegate.swift; sourceTree = "<group>"; };
		28DE54D127B3C51B0093095D /* SceneDelegate.swift */ = {isa = PBXFileReference; lastKnownFileType = sourcecode.swift; path = SceneDelegate.swift; sourceTree = "<group>"; };
		28DE54D327B3C51B0093095D /* HomeViewController.swift */ = {isa = PBXFileReference; lastKnownFileType = sourcecode.swift; path = HomeViewController.swift; sourceTree = "<group>"; };
		28DE54D627B3C51B0093095D /* Base */ = {isa = PBXFileReference; lastKnownFileType = file.storyboard; name = Base; path = Base.lproj/HomeView.storyboard; sourceTree = "<group>"; };
		28DE54D827B3C51D0093095D /* Assets.xcassets */ = {isa = PBXFileReference; lastKnownFileType = folder.assetcatalog; path = Assets.xcassets; sourceTree = "<group>"; };
		28DE54DB27B3C51D0093095D /* Base */ = {isa = PBXFileReference; lastKnownFileType = file.storyboard; name = Base; path = Base.lproj/LaunchScreen.storyboard; sourceTree = "<group>"; };
		28DE54DD27B3C51D0093095D /* Info.plist */ = {isa = PBXFileReference; lastKnownFileType = text.plist.xml; path = Info.plist; sourceTree = "<group>"; };
		28DE54E227B3C51D0093095D /* MovieAcademyProjectTests.xctest */ = {isa = PBXFileReference; explicitFileType = wrapper.cfbundle; includeInIndex = 0; path = MovieAcademyProjectTests.xctest; sourceTree = BUILT_PRODUCTS_DIR; };
		28DE54E627B3C51D0093095D /* MovieAcademyProjectTests.swift */ = {isa = PBXFileReference; lastKnownFileType = sourcecode.swift; path = MovieAcademyProjectTests.swift; sourceTree = "<group>"; };
		28DE54EC27B3C51D0093095D /* MovieAcademyProjectUITests.xctest */ = {isa = PBXFileReference; explicitFileType = wrapper.cfbundle; includeInIndex = 0; path = MovieAcademyProjectUITests.xctest; sourceTree = BUILT_PRODUCTS_DIR; };
		28DE54F027B3C51D0093095D /* MovieAcademyProjectUITests.swift */ = {isa = PBXFileReference; lastKnownFileType = sourcecode.swift; path = MovieAcademyProjectUITests.swift; sourceTree = "<group>"; };
		28DE54F227B3C51D0093095D /* MovieAcademyProjectUITestsLaunchTests.swift */ = {isa = PBXFileReference; lastKnownFileType = sourcecode.swift; path = MovieAcademyProjectUITestsLaunchTests.swift; sourceTree = "<group>"; };
		28F67DB527B519A40068F687 /* MovieCollectionViewCell.xib */ = {isa = PBXFileReference; lastKnownFileType = file.xib; path = MovieCollectionViewCell.xib; sourceTree = "<group>"; };
		28F67DB827B519F70068F687 /* MovieModel.swift */ = {isa = PBXFileReference; lastKnownFileType = sourcecode.swift; path = MovieModel.swift; sourceTree = "<group>"; };
		28F67DBA27B51A150068F687 /* MovieCollectionCell.swift */ = {isa = PBXFileReference; lastKnownFileType = sourcecode.swift; path = MovieCollectionCell.swift; sourceTree = "<group>"; };
		28F67DBD27B51A410068F687 /* MovieDetailViewController.swift */ = {isa = PBXFileReference; lastKnownFileType = sourcecode.swift; path = MovieDetailViewController.swift; sourceTree = "<group>"; };
		28F67DBF27B51A520068F687 /* FavMoviesViewController.swift */ = {isa = PBXFileReference; lastKnownFileType = sourcecode.swift; path = FavMoviesViewController.swift; sourceTree = "<group>"; };
		28F67DC127B51B660068F687 /* MovieCollectionView.swift */ = {isa = PBXFileReference; lastKnownFileType = sourcecode.swift; path = MovieCollectionView.swift; sourceTree = "<group>"; };
		28F67DC627B51E4F0068F687 /* HomeViewModel.swift */ = {isa = PBXFileReference; lastKnownFileType = sourcecode.swift; path = HomeViewModel.swift; sourceTree = "<group>"; };
		28F67DC827B51E6E0068F687 /* MovieDetailViewModel.swift */ = {isa = PBXFileReference; lastKnownFileType = sourcecode.swift; path = MovieDetailViewModel.swift; sourceTree = "<group>"; };
		28F67DCA27B51E840068F687 /* FavMoviesViewModel.swift */ = {isa = PBXFileReference; lastKnownFileType = sourcecode.swift; path = FavMoviesViewModel.swift; sourceTree = "<group>"; };
/* End PBXFileReference section */

/* Begin PBXFrameworksBuildPhase section */
		28DE54C927B3C51B0093095D /* Frameworks */ = {
			isa = PBXFrameworksBuildPhase;
			buildActionMask = 2147483647;
			files = (
			);
			runOnlyForDeploymentPostprocessing = 0;
		};
		28DE54DF27B3C51D0093095D /* Frameworks */ = {
			isa = PBXFrameworksBuildPhase;
			buildActionMask = 2147483647;
			files = (
			);
			runOnlyForDeploymentPostprocessing = 0;
		};
		28DE54E927B3C51D0093095D /* Frameworks */ = {
			isa = PBXFrameworksBuildPhase;
			buildActionMask = 2147483647;
			files = (
			);
			runOnlyForDeploymentPostprocessing = 0;
		};
/* End PBXFrameworksBuildPhase section */

/* Begin PBXGroup section */
		281077C227BBBEC10038DABE /* Workers */ = {
			isa = PBXGroup;
			children = (
				281077C327BBBED50038DABE /* UserDefaultsWorker.swift */,
			);
			path = Workers;
			sourceTree = "<group>";
		};
		28D743D727BE6C2800E8D6BB /* Components */ = {
			isa = PBXGroup;
			children = (
				28D743D527BE6BB100E8D6BB /* MovieSearchBar.swift */,
				281077C727BBD6C30038DABE /* FavButton.swift */,
				28F67DB427B519840068F687 /* MovieCollectionCell */,
			);
			path = Components;
			sourceTree = "<group>";
		};
		28DE54C327B3C51B0093095D = {
			isa = PBXGroup;
			children = (
				28DE54CE27B3C51B0093095D /* MovieAcademyProject */,
				28DE54E527B3C51D0093095D /* MovieAcademyProjectTests */,
				28DE54EF27B3C51D0093095D /* MovieAcademyProjectUITests */,
				28DE54CD27B3C51B0093095D /* Products */,
			);
			sourceTree = "<group>";
		};
		28DE54CD27B3C51B0093095D /* Products */ = {
			isa = PBXGroup;
			children = (
				28DE54CC27B3C51B0093095D /* MovieAcademyProject.app */,
				28DE54E227B3C51D0093095D /* MovieAcademyProjectTests.xctest */,
				28DE54EC27B3C51D0093095D /* MovieAcademyProjectUITests.xctest */,
			);
			name = Products;
			sourceTree = "<group>";
		};
		28DE54CE27B3C51B0093095D /* MovieAcademyProject */ = {
			isa = PBXGroup;
			children = (
				28D743D727BE6C2800E8D6BB /* Components */,
				281077C227BBBEC10038DABE /* Workers */,
				28F67DC527B51E370068F687 /* ViewModels */,
				28F67DC327B51D5B0068F687 /* CollectionViews */,
				28F67DBC27B51A280068F687 /* Controllers */,
				28F67DB727B519E50068F687 /* Models */,
				28DE54CF27B3C51B0093095D /* AppDelegate.swift */,
				28DE54D127B3C51B0093095D /* SceneDelegate.swift */,
				28DE54D527B3C51B0093095D /* HomeView.storyboard */,
				28DE54D827B3C51D0093095D /* Assets.xcassets */,
				28DE54DA27B3C51D0093095D /* LaunchScreen.storyboard */,
				28DE54DD27B3C51D0093095D /* Info.plist */,
				281077C527BBBF220038DABE /* APIService.swift */,
			);
			path = MovieAcademyProject;
			sourceTree = "<group>";
		};
		28DE54E527B3C51D0093095D /* MovieAcademyProjectTests */ = {
			isa = PBXGroup;
			children = (
				28DE54E627B3C51D0093095D /* MovieAcademyProjectTests.swift */,
			);
			path = MovieAcademyProjectTests;
			sourceTree = "<group>";
		};
		28DE54EF27B3C51D0093095D /* MovieAcademyProjectUITests */ = {
			isa = PBXGroup;
			children = (
				28DE54F027B3C51D0093095D /* MovieAcademyProjectUITests.swift */,
				28DE54F227B3C51D0093095D /* MovieAcademyProjectUITestsLaunchTests.swift */,
			);
			path = MovieAcademyProjectUITests;
			sourceTree = "<group>";
		};
		28F67DB427B519840068F687 /* MovieCollectionCell */ = {
			isa = PBXGroup;
			children = (
				28F67DB527B519A40068F687 /* MovieCollectionViewCell.xib */,
				28F67DBA27B51A150068F687 /* MovieCollectionCell.swift */,
			);
			path = MovieCollectionCell;
			sourceTree = "<group>";
		};
		28F67DB727B519E50068F687 /* Models */ = {
			isa = PBXGroup;
			children = (
				28F67DB827B519F70068F687 /* MovieModel.swift */,
			);
			path = Models;
			sourceTree = "<group>";
		};
		28F67DBC27B51A280068F687 /* Controllers */ = {
			isa = PBXGroup;
			children = (
				28DE54D327B3C51B0093095D /* HomeViewController.swift */,
				28F67DBD27B51A410068F687 /* MovieDetailViewController.swift */,
				28F67DBF27B51A520068F687 /* FavMoviesViewController.swift */,
			);
			path = Controllers;
			sourceTree = "<group>";
		};
		28F67DC327B51D5B0068F687 /* CollectionViews */ = {
			isa = PBXGroup;
			children = (
				28F67DC127B51B660068F687 /* MovieCollectionView.swift */,
			);
			path = CollectionViews;
			sourceTree = "<group>";
		};
		28F67DC527B51E370068F687 /* ViewModels */ = {
			isa = PBXGroup;
			children = (
				28F67DC627B51E4F0068F687 /* HomeViewModel.swift */,
				28F67DC827B51E6E0068F687 /* MovieDetailViewModel.swift */,
				28F67DCA27B51E840068F687 /* FavMoviesViewModel.swift */,
			);
			path = ViewModels;
			sourceTree = "<group>";
		};
/* End PBXGroup section */

/* Begin PBXNativeTarget section */
		28DE54CB27B3C51B0093095D /* MovieAcademyProject */ = {
			isa = PBXNativeTarget;
			buildConfigurationList = 28DE54F627B3C51D0093095D /* Build configuration list for PBXNativeTarget "MovieAcademyProject" */;
			buildPhases = (
				28DE54C827B3C51B0093095D /* Sources */,
				28DE54C927B3C51B0093095D /* Frameworks */,
				28DE54CA27B3C51B0093095D /* Resources */,
			);
			buildRules = (
			);
			dependencies = (
			);
			name = MovieAcademyProject;
			productName = MovieAcademyProject;
			productReference = 28DE54CC27B3C51B0093095D /* MovieAcademyProject.app */;
			productType = "com.apple.product-type.application";
		};
		28DE54E127B3C51D0093095D /* MovieAcademyProjectTests */ = {
			isa = PBXNativeTarget;
			buildConfigurationList = 28DE54F927B3C51D0093095D /* Build configuration list for PBXNativeTarget "MovieAcademyProjectTests" */;
			buildPhases = (
				28DE54DE27B3C51D0093095D /* Sources */,
				28DE54DF27B3C51D0093095D /* Frameworks */,
				28DE54E027B3C51D0093095D /* Resources */,
			);
			buildRules = (
			);
			dependencies = (
				28DE54E427B3C51D0093095D /* PBXTargetDependency */,
			);
			name = MovieAcademyProjectTests;
			productName = MovieAcademyProjectTests;
			productReference = 28DE54E227B3C51D0093095D /* MovieAcademyProjectTests.xctest */;
			productType = "com.apple.product-type.bundle.unit-test";
		};
		28DE54EB27B3C51D0093095D /* MovieAcademyProjectUITests */ = {
			isa = PBXNativeTarget;
			buildConfigurationList = 28DE54FC27B3C51D0093095D /* Build configuration list for PBXNativeTarget "MovieAcademyProjectUITests" */;
			buildPhases = (
				28DE54E827B3C51D0093095D /* Sources */,
				28DE54E927B3C51D0093095D /* Frameworks */,
				28DE54EA27B3C51D0093095D /* Resources */,
			);
			buildRules = (
			);
			dependencies = (
				28DE54EE27B3C51D0093095D /* PBXTargetDependency */,
			);
			name = MovieAcademyProjectUITests;
			productName = MovieAcademyProjectUITests;
			productReference = 28DE54EC27B3C51D0093095D /* MovieAcademyProjectUITests.xctest */;
			productType = "com.apple.product-type.bundle.ui-testing";
		};
/* End PBXNativeTarget section */

/* Begin PBXProject section */
		28DE54C427B3C51B0093095D /* Project object */ = {
			isa = PBXProject;
			attributes = {
				BuildIndependentTargetsInParallel = 1;
				LastSwiftUpdateCheck = 1320;
				LastUpgradeCheck = 1320;
				TargetAttributes = {
					28DE54CB27B3C51B0093095D = {
						CreatedOnToolsVersion = 13.2.1;
					};
					28DE54E127B3C51D0093095D = {
						CreatedOnToolsVersion = 13.2.1;
						TestTargetID = 28DE54CB27B3C51B0093095D;
					};
					28DE54EB27B3C51D0093095D = {
						CreatedOnToolsVersion = 13.2.1;
						TestTargetID = 28DE54CB27B3C51B0093095D;
					};
				};
			};
			buildConfigurationList = 28DE54C727B3C51B0093095D /* Build configuration list for PBXProject "MovieAcademyProject" */;
			compatibilityVersion = "Xcode 13.0";
			developmentRegion = en;
			hasScannedForEncodings = 0;
			knownRegions = (
				en,
				Base,
			);
			mainGroup = 28DE54C327B3C51B0093095D;
			productRefGroup = 28DE54CD27B3C51B0093095D /* Products */;
			projectDirPath = "";
			projectRoot = "";
			targets = (
				28DE54CB27B3C51B0093095D /* MovieAcademyProject */,
				28DE54E127B3C51D0093095D /* MovieAcademyProjectTests */,
				28DE54EB27B3C51D0093095D /* MovieAcademyProjectUITests */,
			);
		};
/* End PBXProject section */

/* Begin PBXResourcesBuildPhase section */
		28DE54CA27B3C51B0093095D /* Resources */ = {
			isa = PBXResourcesBuildPhase;
			buildActionMask = 2147483647;
			files = (
				28DE54DC27B3C51D0093095D /* LaunchScreen.storyboard in Resources */,
				28DE54D927B3C51D0093095D /* Assets.xcassets in Resources */,
				28DE54D727B3C51B0093095D /* HomeView.storyboard in Resources */,
				28F67DB627B519A40068F687 /* MovieCollectionViewCell.xib in Resources */,
			);
			runOnlyForDeploymentPostprocessing = 0;
		};
		28DE54E027B3C51D0093095D /* Resources */ = {
			isa = PBXResourcesBuildPhase;
			buildActionMask = 2147483647;
			files = (
			);
			runOnlyForDeploymentPostprocessing = 0;
		};
		28DE54EA27B3C51D0093095D /* Resources */ = {
			isa = PBXResourcesBuildPhase;
			buildActionMask = 2147483647;
			files = (
			);
			runOnlyForDeploymentPostprocessing = 0;
		};
/* End PBXResourcesBuildPhase section */

/* Begin PBXSourcesBuildPhase section */
		28DE54C827B3C51B0093095D /* Sources */ = {
			isa = PBXSourcesBuildPhase;
			buildActionMask = 2147483647;
			files = (
				28F67DCB27B51E840068F687 /* FavMoviesViewModel.swift in Sources */,
				28F67DB927B519F70068F687 /* MovieModel.swift in Sources */,
				28F67DC727B51E4F0068F687 /* HomeViewModel.swift in Sources */,
				28F67DBB27B51A150068F687 /* MovieCollectionCell.swift in Sources */,
				281077C427BBBED50038DABE /* UserDefaultsWorker.swift in Sources */,
				28DE54D427B3C51B0093095D /* HomeViewController.swift in Sources */,
				28F67DC227B51B660068F687 /* MovieCollectionView.swift in Sources */,
				28F67DC027B51A520068F687 /* FavMoviesViewController.swift in Sources */,
				28F67DC927B51E6E0068F687 /* MovieDetailViewModel.swift in Sources */,
				281077C627BBBF220038DABE /* APIService.swift in Sources */,
				28DE54D027B3C51B0093095D /* AppDelegate.swift in Sources */,
				281077C827BBD6C30038DABE /* FavButton.swift in Sources */,
				28F67DBE27B51A410068F687 /* MovieDetailViewController.swift in Sources */,
				28D743D627BE6BB100E8D6BB /* MovieSearchBar.swift in Sources */,
				28DE54D227B3C51B0093095D /* SceneDelegate.swift in Sources */,
			);
			runOnlyForDeploymentPostprocessing = 0;
		};
		28DE54DE27B3C51D0093095D /* Sources */ = {
			isa = PBXSourcesBuildPhase;
			buildActionMask = 2147483647;
			files = (
				28DE54E727B3C51D0093095D /* MovieAcademyProjectTests.swift in Sources */,
			);
			runOnlyForDeploymentPostprocessing = 0;
		};
		28DE54E827B3C51D0093095D /* Sources */ = {
			isa = PBXSourcesBuildPhase;
			buildActionMask = 2147483647;
			files = (
				28DE54F327B3C51D0093095D /* MovieAcademyProjectUITestsLaunchTests.swift in Sources */,
				28DE54F127B3C51D0093095D /* MovieAcademyProjectUITests.swift in Sources */,
			);
			runOnlyForDeploymentPostprocessing = 0;
		};
/* End PBXSourcesBuildPhase section */

/* Begin PBXTargetDependency section */
		28DE54E427B3C51D0093095D /* PBXTargetDependency */ = {
			isa = PBXTargetDependency;
			target = 28DE54CB27B3C51B0093095D /* MovieAcademyProject */;
			targetProxy = 28DE54E327B3C51D0093095D /* PBXContainerItemProxy */;
		};
		28DE54EE27B3C51D0093095D /* PBXTargetDependency */ = {
			isa = PBXTargetDependency;
			target = 28DE54CB27B3C51B0093095D /* MovieAcademyProject */;
			targetProxy = 28DE54ED27B3C51D0093095D /* PBXContainerItemProxy */;
		};
/* End PBXTargetDependency section */

/* Begin PBXVariantGroup section */
		28DE54D527B3C51B0093095D /* HomeView.storyboard */ = {
			isa = PBXVariantGroup;
			children = (
				28DE54D627B3C51B0093095D /* Base */,
			);
			name = HomeView.storyboard;
			sourceTree = "<group>";
		};
		28DE54DA27B3C51D0093095D /* LaunchScreen.storyboard */ = {
			isa = PBXVariantGroup;
			children = (
				28DE54DB27B3C51D0093095D /* Base */,
			);
			name = LaunchScreen.storyboard;
			sourceTree = "<group>";
		};
/* End PBXVariantGroup section */

/* Begin XCBuildConfiguration section */
		28DE54F427B3C51D0093095D /* Debug */ = {
			isa = XCBuildConfiguration;
			buildSettings = {
				ALWAYS_SEARCH_USER_PATHS = NO;
				CLANG_ANALYZER_NONNULL = YES;
				CLANG_ANALYZER_NUMBER_OBJECT_CONVERSION = YES_AGGRESSIVE;
				CLANG_CXX_LANGUAGE_STANDARD = "gnu++17";
				CLANG_CXX_LIBRARY = "libc++";
				CLANG_ENABLE_MODULES = YES;
				CLANG_ENABLE_OBJC_ARC = YES;
				CLANG_ENABLE_OBJC_WEAK = YES;
				CLANG_WARN_BLOCK_CAPTURE_AUTORELEASING = YES;
				CLANG_WARN_BOOL_CONVERSION = YES;
				CLANG_WARN_COMMA = YES;
				CLANG_WARN_CONSTANT_CONVERSION = YES;
				CLANG_WARN_DEPRECATED_OBJC_IMPLEMENTATIONS = YES;
				CLANG_WARN_DIRECT_OBJC_ISA_USAGE = YES_ERROR;
				CLANG_WARN_DOCUMENTATION_COMMENTS = YES;
				CLANG_WARN_EMPTY_BODY = YES;
				CLANG_WARN_ENUM_CONVERSION = YES;
				CLANG_WARN_INFINITE_RECURSION = YES;
				CLANG_WARN_INT_CONVERSION = YES;
				CLANG_WARN_NON_LITERAL_NULL_CONVERSION = YES;
				CLANG_WARN_OBJC_IMPLICIT_RETAIN_SELF = YES;
				CLANG_WARN_OBJC_LITERAL_CONVERSION = YES;
				CLANG_WARN_OBJC_ROOT_CLASS = YES_ERROR;
				CLANG_WARN_QUOTED_INCLUDE_IN_FRAMEWORK_HEADER = YES;
				CLANG_WARN_RANGE_LOOP_ANALYSIS = YES;
				CLANG_WARN_STRICT_PROTOTYPES = YES;
				CLANG_WARN_SUSPICIOUS_MOVE = YES;
				CLANG_WARN_UNGUARDED_AVAILABILITY = YES_AGGRESSIVE;
				CLANG_WARN_UNREACHABLE_CODE = YES;
				CLANG_WARN__DUPLICATE_METHOD_MATCH = YES;
				COPY_PHASE_STRIP = NO;
				DEBUG_INFORMATION_FORMAT = dwarf;
				ENABLE_STRICT_OBJC_MSGSEND = YES;
				ENABLE_TESTABILITY = YES;
				GCC_C_LANGUAGE_STANDARD = gnu11;
				GCC_DYNAMIC_NO_PIC = NO;
				GCC_NO_COMMON_BLOCKS = YES;
				GCC_OPTIMIZATION_LEVEL = 0;
				GCC_PREPROCESSOR_DEFINITIONS = (
					"DEBUG=1",
					"$(inherited)",
				);
				GCC_WARN_64_TO_32_BIT_CONVERSION = YES;
				GCC_WARN_ABOUT_RETURN_TYPE = YES_ERROR;
				GCC_WARN_UNDECLARED_SELECTOR = YES;
				GCC_WARN_UNINITIALIZED_AUTOS = YES_AGGRESSIVE;
				GCC_WARN_UNUSED_FUNCTION = YES;
				GCC_WARN_UNUSED_VARIABLE = YES;
				IPHONEOS_DEPLOYMENT_TARGET = 15.2;
				MTL_ENABLE_DEBUG_INFO = INCLUDE_SOURCE;
				MTL_FAST_MATH = YES;
				ONLY_ACTIVE_ARCH = YES;
				SDKROOT = iphoneos;
				SWIFT_ACTIVE_COMPILATION_CONDITIONS = DEBUG;
				SWIFT_OPTIMIZATION_LEVEL = "-Onone";
			};
			name = Debug;
		};
		28DE54F527B3C51D0093095D /* Release */ = {
			isa = XCBuildConfiguration;
			buildSettings = {
				ALWAYS_SEARCH_USER_PATHS = NO;
				CLANG_ANALYZER_NONNULL = YES;
				CLANG_ANALYZER_NUMBER_OBJECT_CONVERSION = YES_AGGRESSIVE;
				CLANG_CXX_LANGUAGE_STANDARD = "gnu++17";
				CLANG_CXX_LIBRARY = "libc++";
				CLANG_ENABLE_MODULES = YES;
				CLANG_ENABLE_OBJC_ARC = YES;
				CLANG_ENABLE_OBJC_WEAK = YES;
				CLANG_WARN_BLOCK_CAPTURE_AUTORELEASING = YES;
				CLANG_WARN_BOOL_CONVERSION = YES;
				CLANG_WARN_COMMA = YES;
				CLANG_WARN_CONSTANT_CONVERSION = YES;
				CLANG_WARN_DEPRECATED_OBJC_IMPLEMENTATIONS = YES;
				CLANG_WARN_DIRECT_OBJC_ISA_USAGE = YES_ERROR;
				CLANG_WARN_DOCUMENTATION_COMMENTS = YES;
				CLANG_WARN_EMPTY_BODY = YES;
				CLANG_WARN_ENUM_CONVERSION = YES;
				CLANG_WARN_INFINITE_RECURSION = YES;
				CLANG_WARN_INT_CONVERSION = YES;
				CLANG_WARN_NON_LITERAL_NULL_CONVERSION = YES;
				CLANG_WARN_OBJC_IMPLICIT_RETAIN_SELF = YES;
				CLANG_WARN_OBJC_LITERAL_CONVERSION = YES;
				CLANG_WARN_OBJC_ROOT_CLASS = YES_ERROR;
				CLANG_WARN_QUOTED_INCLUDE_IN_FRAMEWORK_HEADER = YES;
				CLANG_WARN_RANGE_LOOP_ANALYSIS = YES;
				CLANG_WARN_STRICT_PROTOTYPES = YES;
				CLANG_WARN_SUSPICIOUS_MOVE = YES;
				CLANG_WARN_UNGUARDED_AVAILABILITY = YES_AGGRESSIVE;
				CLANG_WARN_UNREACHABLE_CODE = YES;
				CLANG_WARN__DUPLICATE_METHOD_MATCH = YES;
				COPY_PHASE_STRIP = NO;
				DEBUG_INFORMATION_FORMAT = "dwarf-with-dsym";
				ENABLE_NS_ASSERTIONS = NO;
				ENABLE_STRICT_OBJC_MSGSEND = YES;
				GCC_C_LANGUAGE_STANDARD = gnu11;
				GCC_NO_COMMON_BLOCKS = YES;
				GCC_WARN_64_TO_32_BIT_CONVERSION = YES;
				GCC_WARN_ABOUT_RETURN_TYPE = YES_ERROR;
				GCC_WARN_UNDECLARED_SELECTOR = YES;
				GCC_WARN_UNINITIALIZED_AUTOS = YES_AGGRESSIVE;
				GCC_WARN_UNUSED_FUNCTION = YES;
				GCC_WARN_UNUSED_VARIABLE = YES;
				IPHONEOS_DEPLOYMENT_TARGET = 15.2;
				MTL_ENABLE_DEBUG_INFO = NO;
				MTL_FAST_MATH = YES;
				SDKROOT = iphoneos;
				SWIFT_COMPILATION_MODE = wholemodule;
				SWIFT_OPTIMIZATION_LEVEL = "-O";
				VALIDATE_PRODUCT = YES;
			};
			name = Release;
		};
		28DE54F727B3C51D0093095D /* Debug */ = {
			isa = XCBuildConfiguration;
			buildSettings = {
				ASSETCATALOG_COMPILER_APPICON_NAME = AppIcon;
				ASSETCATALOG_COMPILER_GLOBAL_ACCENT_COLOR_NAME = AccentColor;
				CODE_SIGN_STYLE = Automatic;
				CURRENT_PROJECT_VERSION = 1;
				DEVELOPMENT_TEAM = L8GVMQ7ZVY;
				GENERATE_INFOPLIST_FILE = YES;
				INFOPLIST_FILE = MovieAcademyProject/Info.plist;
				INFOPLIST_KEY_UIApplicationSupportsIndirectInputEvents = YES;
				INFOPLIST_KEY_UILaunchStoryboardName = LaunchScreen;
				INFOPLIST_KEY_UIMainStoryboardFile = HomeView;
				INFOPLIST_KEY_UISupportedInterfaceOrientations_iPad = "UIInterfaceOrientationPortrait UIInterfaceOrientationPortraitUpsideDown UIInterfaceOrientationLandscapeLeft UIInterfaceOrientationLandscapeRight";
				INFOPLIST_KEY_UISupportedInterfaceOrientations_iPhone = "UIInterfaceOrientationPortrait UIInterfaceOrientationLandscapeLeft UIInterfaceOrientationLandscapeRight";
				LD_RUNPATH_SEARCH_PATHS = (
					"$(inherited)",
					"@executable_path/Frameworks",
				);
				MARKETING_VERSION = 1.0;
				PRODUCT_BUNDLE_IDENTIFIER = academy.MovieAcademyProject;
				PRODUCT_NAME = "$(TARGET_NAME)";
				SWIFT_EMIT_LOC_STRINGS = YES;
				SWIFT_VERSION = 5.0;
				TARGETED_DEVICE_FAMILY = "1,2";
			};
			name = Debug;
		};
		28DE54F827B3C51D0093095D /* Release */ = {
			isa = XCBuildConfiguration;
			buildSettings = {
				ASSETCATALOG_COMPILER_APPICON_NAME = AppIcon;
				ASSETCATALOG_COMPILER_GLOBAL_ACCENT_COLOR_NAME = AccentColor;
				CODE_SIGN_STYLE = Automatic;
				CURRENT_PROJECT_VERSION = 1;
				DEVELOPMENT_TEAM = L8GVMQ7ZVY;
				GENERATE_INFOPLIST_FILE = YES;
				INFOPLIST_FILE = MovieAcademyProject/Info.plist;
				INFOPLIST_KEY_UIApplicationSupportsIndirectInputEvents = YES;
				INFOPLIST_KEY_UILaunchStoryboardName = LaunchScreen;
				INFOPLIST_KEY_UIMainStoryboardFile = HomeView;
				INFOPLIST_KEY_UISupportedInterfaceOrientations_iPad = "UIInterfaceOrientationPortrait UIInterfaceOrientationPortraitUpsideDown UIInterfaceOrientationLandscapeLeft UIInterfaceOrientationLandscapeRight";
				INFOPLIST_KEY_UISupportedInterfaceOrientations_iPhone = "UIInterfaceOrientationPortrait UIInterfaceOrientationLandscapeLeft UIInterfaceOrientationLandscapeRight";
				LD_RUNPATH_SEARCH_PATHS = (
					"$(inherited)",
					"@executable_path/Frameworks",
				);
				MARKETING_VERSION = 1.0;
				PRODUCT_BUNDLE_IDENTIFIER = academy.MovieAcademyProject;
				PRODUCT_NAME = "$(TARGET_NAME)";
				SWIFT_EMIT_LOC_STRINGS = YES;
				SWIFT_VERSION = 5.0;
				TARGETED_DEVICE_FAMILY = "1,2";
			};
			name = Release;
		};
		28DE54FA27B3C51D0093095D /* Debug */ = {
			isa = XCBuildConfiguration;
			buildSettings = {
				ALWAYS_EMBED_SWIFT_STANDARD_LIBRARIES = YES;
				BUNDLE_LOADER = "$(TEST_HOST)";
				CODE_SIGN_STYLE = Automatic;
				CURRENT_PROJECT_VERSION = 1;
				DEVELOPMENT_TEAM = L8GVMQ7ZVY;
				GENERATE_INFOPLIST_FILE = YES;
				IPHONEOS_DEPLOYMENT_TARGET = 15.2;
				MARKETING_VERSION = 1.0;
				PRODUCT_BUNDLE_IDENTIFIER = academy.MovieAcademyProjectTests;
				PRODUCT_NAME = "$(TARGET_NAME)";
				SWIFT_EMIT_LOC_STRINGS = NO;
				SWIFT_VERSION = 5.0;
				TARGETED_DEVICE_FAMILY = "1,2";
				TEST_HOST = "$(BUILT_PRODUCTS_DIR)/MovieAcademyProject.app/MovieAcademyProject";
			};
			name = Debug;
		};
		28DE54FB27B3C51D0093095D /* Release */ = {
			isa = XCBuildConfiguration;
			buildSettings = {
				ALWAYS_EMBED_SWIFT_STANDARD_LIBRARIES = YES;
				BUNDLE_LOADER = "$(TEST_HOST)";
				CODE_SIGN_STYLE = Automatic;
				CURRENT_PROJECT_VERSION = 1;
				DEVELOPMENT_TEAM = L8GVMQ7ZVY;
				GENERATE_INFOPLIST_FILE = YES;
				IPHONEOS_DEPLOYMENT_TARGET = 15.2;
				MARKETING_VERSION = 1.0;
				PRODUCT_BUNDLE_IDENTIFIER = academy.MovieAcademyProjectTests;
				PRODUCT_NAME = "$(TARGET_NAME)";
				SWIFT_EMIT_LOC_STRINGS = NO;
				SWIFT_VERSION = 5.0;
				TARGETED_DEVICE_FAMILY = "1,2";
				TEST_HOST = "$(BUILT_PRODUCTS_DIR)/MovieAcademyProject.app/MovieAcademyProject";
			};
			name = Release;
		};
		28DE54FD27B3C51D0093095D /* Debug */ = {
			isa = XCBuildConfiguration;
			buildSettings = {
				ALWAYS_EMBED_SWIFT_STANDARD_LIBRARIES = YES;
				CODE_SIGN_STYLE = Automatic;
				CURRENT_PROJECT_VERSION = 1;
				DEVELOPMENT_TEAM = L8GVMQ7ZVY;
				GENERATE_INFOPLIST_FILE = YES;
				MARKETING_VERSION = 1.0;
				PRODUCT_BUNDLE_IDENTIFIER = academy.MovieAcademyProjectUITests;
				PRODUCT_NAME = "$(TARGET_NAME)";
				SWIFT_EMIT_LOC_STRINGS = NO;
				SWIFT_VERSION = 5.0;
				TARGETED_DEVICE_FAMILY = "1,2";
				TEST_TARGET_NAME = MovieAcademyProject;
			};
			name = Debug;
		};
		28DE54FE27B3C51D0093095D /* Release */ = {
			isa = XCBuildConfiguration;
			buildSettings = {
				ALWAYS_EMBED_SWIFT_STANDARD_LIBRARIES = YES;
				CODE_SIGN_STYLE = Automatic;
				CURRENT_PROJECT_VERSION = 1;
				DEVELOPMENT_TEAM = L8GVMQ7ZVY;
				GENERATE_INFOPLIST_FILE = YES;
				MARKETING_VERSION = 1.0;
				PRODUCT_BUNDLE_IDENTIFIER = academy.MovieAcademyProjectUITests;
				PRODUCT_NAME = "$(TARGET_NAME)";
				SWIFT_EMIT_LOC_STRINGS = NO;
				SWIFT_VERSION = 5.0;
				TARGETED_DEVICE_FAMILY = "1,2";
				TEST_TARGET_NAME = MovieAcademyProject;
			};
			name = Release;
		};
/* End XCBuildConfiguration section */

/* Begin XCConfigurationList section */
		28DE54C727B3C51B0093095D /* Build configuration list for PBXProject "MovieAcademyProject" */ = {
			isa = XCConfigurationList;
			buildConfigurations = (
				28DE54F427B3C51D0093095D /* Debug */,
				28DE54F527B3C51D0093095D /* Release */,
			);
			defaultConfigurationIsVisible = 0;
			defaultConfigurationName = Release;
		};
		28DE54F627B3C51D0093095D /* Build configuration list for PBXNativeTarget "MovieAcademyProject" */ = {
			isa = XCConfigurationList;
			buildConfigurations = (
				28DE54F727B3C51D0093095D /* Debug */,
				28DE54F827B3C51D0093095D /* Release */,
			);
			defaultConfigurationIsVisible = 0;
			defaultConfigurationName = Release;
		};
		28DE54F927B3C51D0093095D /* Build configuration list for PBXNativeTarget "MovieAcademyProjectTests" */ = {
			isa = XCConfigurationList;
			buildConfigurations = (
				28DE54FA27B3C51D0093095D /* Debug */,
				28DE54FB27B3C51D0093095D /* Release */,
			);
			defaultConfigurationIsVisible = 0;
			defaultConfigurationName = Release;
		};
		28DE54FC27B3C51D0093095D /* Build configuration list for PBXNativeTarget "MovieAcademyProjectUITests" */ = {
			isa = XCConfigurationList;
			buildConfigurations = (
				28DE54FD27B3C51D0093095D /* Debug */,
				28DE54FE27B3C51D0093095D /* Release */,
			);
			defaultConfigurationIsVisible = 0;
			defaultConfigurationName = Release;
		};
/* End XCConfigurationList section */
	};
	rootObject = 28DE54C427B3C51B0093095D /* Project object */;
}
